# This file is automatically @generated by Cargo.
# It is not intended for manual editing.
version = 4

[[package]]
name = "breeze-app"
version = "0.0.0"
dependencies = [
 "breeze-bridge-null",
 "breeze-domain",
 "breeze-ports",
]

[[package]]
name = "breeze-bridge-null"
version = "0.0.0"
dependencies = [
 "breeze-ports",
]

[[package]]
name = "breeze-domain"
version = "0.0.0"

[[package]]
name = "breeze-ports"
version = "0.0.0"
dependencies = [
 "breeze-domain",
]
